# THIS IS AN AUTOGENERATED FILE. DO NOT EDIT THIS FILE DIRECTLY.
# yarn lockfile v1


"@babel/runtime@^7.17.2":
  "integrity" "sha512-mrzLkl6U9YLF8qpqI7TB82PESyEGjm/0Ly91jG575eVxMMlb8fYfOXFZIJ8XfLrJZQbm7dlKry2bJmXBUEkdFg=="
  "resolved" "https://registry.npmjs.org/@babel/runtime/-/runtime-7.20.1.tgz"
  "version" "7.20.1"
  dependencies:
    "regenerator-runtime" "^0.13.10"

"@ethereumjs/rlp@^4.0.0-beta.2":
  "integrity" "sha512-LM4jS5n33bJN60fM5EC8VeyhUgga6/DjCPBV2vWjnfVtobqtOiNC4SQ1MRFqyBSmJGGdB533JZWewyvlcdJtkQ=="
  "resolved" "https://registry.npmjs.org/@ethereumjs/rlp/-/rlp-4.0.0.tgz"
  "version" "4.0.0"

"@ethereumjs/util@^8.0.0":
  "integrity" "sha512-b1Fcxmq+ckCdoLPhVIBkTcH8szigMapPuEmD8EDakvtI5Na5rzmX1sBW73YQqaPc7iUxGCAzZP1LrFQ7aEMugA=="
  "resolved" "https://registry.npmjs.org/@ethereumjs/util/-/util-8.0.2.tgz"
  "version" "8.0.2"
  dependencies:
    "@ethereumjs/rlp" "^4.0.0-beta.2"
    "async" "^3.2.4"
    "ethereum-cryptography" "^1.1.2"

"@metamask/eth-sig-util@^5.0.2":
  "integrity" "sha512-RU6fG/H6/UlBol221uBkq5C7w3TwLK611nEZliO2u+kO0vHKGBXnIPlhI0tzKUigjhUeOd9mhCNbNvhh0LKt9Q=="
  "resolved" "https://registry.npmjs.org/@metamask/eth-sig-util/-/eth-sig-util-5.0.2.tgz"
  "version" "5.0.2"
  dependencies:
    "@ethereumjs/util" "^8.0.0"
    "bn.js" "^4.11.8"
    "ethereum-cryptography" "^1.1.2"
    "ethjs-util" "^0.1.6"
    "tweetnacl" "^1.0.3"
    "tweetnacl-util" "^0.15.1"

"@mysten/bcs@0.3.0":
  "integrity" "sha512-Me6OkrS+idPq+ZUM1MEcKP9YOTacZKLwo0gf8rfeImQ+G25tqPRhjpccZGOUJGOKh+gojH2vjkWi2TYJv9kNCg=="
  "resolved" "https://registry.npmjs.org/@mysten/bcs/-/bcs-0.3.0.tgz"
  "version" "0.3.0"
  dependencies:
    "bn.js" "^5.2.1"

"@mysten/bcs@0.5.0":
  "integrity" "sha512-FjGnXZfR4dY01Q1l3xjgaU+ruIlVomXZk8vzgsQXPFOv7O4pNiOOpJyMEMUnWcyUiktk4R9MxoJJrygOtdxaUw=="
  "resolved" "https://registry.npmjs.org/@mysten/bcs/-/bcs-0.5.0.tgz"
  "version" "0.5.0"

"@mysten/sui.js@0.11.0":
  "integrity" "sha512-AGdvotFCEAFAqPjBnUJ/taNaSxisXibpcQXLSBE5PTo0YUqQjTaF76sm57SY0ZZMAhnSxacnM5kP0UuNkZc1ew=="
  "resolved" "https://registry.npmjs.org/@mysten/sui.js/-/sui.js-0.11.0.tgz"
  "version" "0.11.0"
  dependencies:
    "@mysten/bcs" "0.3.0"
    "@noble/hashes" "^1.1.2"
    "@noble/secp256k1" "^1.6.3"
    "bn.js" "^5.2.0"
    "buffer" "^6.0.3"
    "cross-fetch" "^3.1.5"
    "jayson" "^3.6.6"
    "js-sha3" "^0.8.0"
    "lossless-json" "^1.0.5"
    "rpc-websockets" "^7.5.0"
    "tweetnacl" "^1.0.3"

"@mysten/sui.js@0.16.0":
  "integrity" "sha512-/ekVTNfkIkez0152nsu+uZID8TiSucjy9QGIWL4yIev6yn5Touyze3qlloEIj2W0GUnPuP/QUfzUsO8mu1Dt/g=="
  "resolved" "https://registry.npmjs.org/@mysten/sui.js/-/sui.js-0.16.0.tgz"
  "version" "0.16.0"
  dependencies:
    "@mysten/bcs" "0.5.0"
    "@noble/hashes" "^1.1.2"
    "@noble/secp256k1" "^1.6.3"
    "@scure/bip32" "^1.1.0"
    "@scure/bip39" "^1.1.0"
    "cross-fetch" "^3.1.5"
    "jayson" "^3.6.6"
    "js-sha3" "^0.8.0"
    "lossless-json" "^1.0.5"
    "rpc-websockets" "^7.5.0"
    "tweetnacl" "^1.0.3"

"@mysten/wallet-adapter-base@0.1.0":
  "integrity" "sha512-o5wGQRAi9VzwKEw7eCb+EskBMLDVL3D93E5Xg7W1LME1MPtbhs5s5HAF8qnDs0Lgp8UglznkZYUXcV6Z8Ih/5w=="
  "resolved" "https://registry.npmjs.org/@mysten/wallet-adapter-base/-/wallet-adapter-base-0.1.0.tgz"
  "version" "0.1.0"
  dependencies:
    "@mysten/sui.js" "0.11.0"

"@mysten/wallet-adapter-base@0.3.2":
  "integrity" "sha512-6HjuVYRVOyJVJcJ7e/m/e/eGiUP9HWfBjFX5A4lK9QdJ1c/qU9DYm7s3G7FIpgYH1C7YAYdRaOzfzrQmIoUG3w=="
  "resolved" "https://registry.npmjs.org/@mysten/wallet-adapter-base/-/wallet-adapter-base-0.3.2.tgz"
  "version" "0.3.2"
  dependencies:
    "@mysten/sui.js" "0.16.0"

"@mysten/wallet-adapter-react@^7.0.0":
  "integrity" "sha512-EG5rtUCt/bcfGBYNa/6WNP6G+zdXE2k2Q7kErUS3/1Oc1YY2snMcixWtbBTfU4A7CiDWhEzdEfU/Oac/OFAt2w=="
  "resolved" "https://registry.npmjs.org/@mysten/wallet-adapter-react/-/wallet-adapter-react-7.0.0.tgz"
  "version" "7.0.0"
  dependencies:
    "@mysten/wallet-adapter-base" "0.3.2"

"@noble/hashes@^1.1.2", "@noble/hashes@~1.1.1", "@noble/hashes@1.1.2":
  "integrity" "sha512-KYRCASVTv6aeUi1tsF8/vpyR7zpfs3FUzy2Jqm+MU+LmUKhQ0y2FpfwqkCcxSg2ua4GALJd8k2R76WxwZGbQpA=="
  "resolved" "https://registry.npmjs.org/@noble/hashes/-/hashes-1.1.2.tgz"
  "version" "1.1.2"

"@noble/secp256k1@^1.6.3", "@noble/secp256k1@~1.6.0", "@noble/secp256k1@1.6.3":
  "integrity" "sha512-T04e4iTurVy7I8Sw4+c5OSN9/RkPlo1uKxAomtxQNLq8j1uPAqnsqG1bqvY3Jv7c13gyr6dui0zmh/I3+f/JaQ=="
  "resolved" "https://registry.npmjs.org/@noble/secp256k1/-/secp256k1-1.6.3.tgz"
  "version" "1.6.3"

"@scure/base@~1.1.0":
  "integrity" "sha512-ZxOhsSyxYwLJj3pLZCefNitxsj093tb2vq90mp2txoYeBqbcjDjqFhyM8eUjq/uFm6zJ+mUuqxlS2FkuSY1MTA=="
  "resolved" "https://registry.npmjs.org/@scure/base/-/base-1.1.1.tgz"
  "version" "1.1.1"

"@scure/bip32@^1.1.0", "@scure/bip32@1.1.0":
  "integrity" "sha512-ftTW3kKX54YXLCxH6BB7oEEoJfoE2pIgw7MINKAs5PsS6nqKPuKk1haTF/EuHmYqG330t5GSrdmtRuHaY1a62Q=="
  "resolved" "https://registry.npmjs.org/@scure/bip32/-/bip32-1.1.0.tgz"
  "version" "1.1.0"
  dependencies:
    "@noble/hashes" "~1.1.1"
    "@noble/secp256k1" "~1.6.0"
    "@scure/base" "~1.1.0"

"@scure/bip39@^1.1.0", "@scure/bip39@1.1.0":
  "integrity" "sha512-pwrPOS16VeTKg98dYXQyIjJEcWfz7/1YJIwxUEPFfQPtc86Ym/1sVgQ2RLoD43AazMk2l/unK4ITySSpW2+82w=="
  "resolved" "https://registry.npmjs.org/@scure/bip39/-/bip39-1.1.0.tgz"
  "version" "1.1.0"
  dependencies:
    "@noble/hashes" "~1.1.1"
    "@scure/base" "~1.1.0"

"@suiet/wallet-adapter@^0.0.18":
  "integrity" "sha512-QsFV2GfAY0+UjUAATAJ6eiG39F34cTAc98PxNwMbwE6uT8fhVSzI9ywY5Dj+WZKOE3rYGRfLXIioJfkKjZid1w=="
  "resolved" "https://registry.npmjs.org/@suiet/wallet-adapter/-/wallet-adapter-0.0.18.tgz"
  "version" "0.0.18"
  dependencies:
    "@mysten/sui.js" "0.11.0"
    "@mysten/wallet-adapter-base" "0.1.0"
    "@wallet-standard/features" "0.1.0-alpha.0"
    "borsh" "^0.7.0"
    "buffer" "^6.0.3"

"@types/bn.js@^4.11.3":
  "integrity" "sha512-pqr857jrp2kPuO9uRjZ3PwnJTjoQy+fcdxvBTvHm6dkmEL9q+hDD/2j/0ELOBPtPnS8LjCX0gI9nbl8lVkadpg=="
  "resolved" "https://registry.npmjs.org/@types/bn.js/-/bn.js-4.11.6.tgz"
  "version" "4.11.6"
  dependencies:
    "@types/node" "*"

"@types/connect@^3.4.33":
  "integrity" "sha512-cdeYyv4KWoEgpBISTxWvqYsVy444DOqehiF3fM3ne10AmJ62RSyNkUnxMJXHQWRQQX2eR94m5y1IZyDwBjV9FQ=="
  "resolved" "https://registry.npmjs.org/@types/connect/-/connect-3.4.35.tgz"
  "version" "3.4.35"
  dependencies:
    "@types/node" "*"

"@types/node@*":
  "integrity" "sha512-CRpX21/kGdzjOpFsZSkcrXMGIBWMGNIHXXBVFSH+ggkftxg+XYP20TESbh+zFvFj3EQOl5byk0HTRn1IL6hbqg=="
  "resolved" "https://registry.npmjs.org/@types/node/-/node-18.11.9.tgz"
  "version" "18.11.9"

"@types/node@^12.12.54":
  "integrity" "sha512-J8xLz7q2OFulZ2cyGTLE1TbbZcjpno7FaN6zdJNrgAdrJ+DZzh/uFR6YrTb4C+nXakvud8Q4+rbhoIWlYQbUFQ=="
  "resolved" "https://registry.npmjs.org/@types/node/-/node-12.20.55.tgz"
  "version" "12.20.55"

"@types/pbkdf2@^3.0.0":
  "integrity" "sha512-Cf63Rv7jCQ0LaL8tNXmEyqTHuIJxRdlS5vMh1mj5voN4+QFhVZnlZruezqpWYDiJ8UTzhP0VmeLXCmBk66YrMQ=="
  "resolved" "https://registry.npmjs.org/@types/pbkdf2/-/pbkdf2-3.1.0.tgz"
  "version" "3.1.0"
  dependencies:
    "@types/node" "*"

"@types/secp256k1@^4.0.1":
  "integrity" "sha512-Da66lEIFeIz9ltsdMZcpQvmrmmoqrfju8pm1BH8WbYjZSwUgCwXLb9C+9XYogwBITnbsSaMdVPb2ekf7TV+03w=="
  "resolved" "https://registry.npmjs.org/@types/secp256k1/-/secp256k1-4.0.3.tgz"
  "version" "4.0.3"
  dependencies:
    "@types/node" "*"

"@types/ws@^7.4.4":
  "integrity" "sha512-JQbbmxZTZehdc2iszGKs5oC3NFnjeay7mtAWrdt7qNtAVK0g19muApzAy4bm9byz79xa2ZnO/BOBC2R8RC5Lww=="
  "resolved" "https://registry.npmjs.org/@types/ws/-/ws-7.4.7.tgz"
  "version" "7.4.7"
  dependencies:
    "@types/node" "*"

"@wallet-standard/features@0.1.0-alpha.0":
  "integrity" "sha512-HRVuYpMCbO3Vmdea1uRll7bL+3eZ0GxCtkMnDnMcT2+QOH9N56cxGo6DmUbZgVkqeWKzt6i+p27QPOdXlipD1g=="
  "resolved" "https://registry.npmjs.org/@wallet-standard/features/-/features-0.1.0-alpha.0.tgz"
  "version" "0.1.0-alpha.0"
  dependencies:
    "@wallet-standard/standard" "^0.1.0-alpha.2"
    "@wallet-standard/types" "^0.1.0-alpha.2"

"@wallet-standard/standard@^0.1.0-alpha.2":
  "integrity" "sha512-rqs9vD+Hww8kWtF8/8wi+hhLIWN1ank/ZfK7mGALen+9XhxAcgOJwl96l30MCSL2w1AHykOEELOZK6lUbg13gQ=="
  "resolved" "https://registry.npmjs.org/@wallet-standard/standard/-/standard-0.1.0-alpha.5.tgz"
  "version" "0.1.0-alpha.5"

"@wallet-standard/types@^0.1.0-alpha.2":
  "integrity" "sha512-g+GKG0KiFw2y5WO5/g4J2KJoS3ro+lgpr9uGusa3idRjRoOXW8E60T3uFrDBrQ8jOVkclCc1U0j9ggzwZvWsTg=="
  "resolved" "https://registry.npmjs.org/@wallet-standard/types/-/types-0.1.0-alpha.3.tgz"
  "version" "0.1.0-alpha.3"

"ansi-styles@^4.1.0":
  "integrity" "sha512-zbB9rCJAT1rbjiVDb2hqKFHNYLxgtk8NURxZ3IZwD3F6NtxbXZQCnnSi1Lkx+IDohdPlFp222wVALIheZJQSEg=="
  "resolved" "https://registry.npmjs.org/ansi-styles/-/ansi-styles-4.3.0.tgz"
  "version" "4.3.0"
  dependencies:
    "color-convert" "^2.0.1"

"async@^3.2.4":
  "integrity" "sha512-iAB+JbDEGXhyIUavoDl9WP/Jj106Kz9DEn1DPgYw5ruDn0e3Wgi3sKFm55sASdGBNOQB8F59d9qQ7deqrHA8wQ=="
  "resolved" "https://registry.npmjs.org/async/-/async-3.2.4.tgz"
  "version" "3.2.4"

"async@2.1 - 2.6.4":
  "integrity" "sha512-mzo5dfJYwAn29PeiJ0zvwTo04zj8HDJj0Mn8TD7sno7q12prdbnasKJHhkm2c1LgrhlJ0teaea8860oxi51mGA=="
  "resolved" "https://registry.npmjs.org/async/-/async-2.6.4.tgz"
  "version" "2.6.4"
  dependencies:
    "lodash" "^4.17.14"

"balanced-match@^1.0.0":
  "integrity" "sha512-3oSeUO0TMV67hN1AmbXsK4yaqU7tjiHlbxRDZOpH0KW9+CeX4bRAaX0Anxt0tx2MrpRpWwQaPwIlISEJhYU5Pw=="
  "resolved" "https://registry.npmjs.org/balanced-match/-/balanced-match-1.0.2.tgz"
  "version" "1.0.2"

"base-x@^3.0.2":
  "integrity" "sha512-H7JU6iBHTal1gp56aKoaa//YUxEaAOUiydvrV/pILqIHXTtqxSkATOnDA2u+jZ/61sD+L/412+7kzXRtWukhpQ=="
  "resolved" "https://registry.npmjs.org/base-x/-/base-x-3.0.9.tgz"
  "version" "3.0.9"
  dependencies:
    "safe-buffer" "^5.0.1"

"base64-js@^1.3.1":
  "integrity" "sha512-AKpaYlHn8t4SVbOHCy+b5+KKgvR4vrsD8vbvrbiQJps7fKDTkjkDry6ji0rUJjC0kzbNePLwzxq8iypo41qeWA=="
  "resolved" "https://registry.npmjs.org/base64-js/-/base64-js-1.5.1.tgz"
  "version" "1.5.1"

"blakejs@^1.1.0":
  "integrity" "sha512-QXUSXI3QVc/gJME0dBpXrag1kbzOqCjCX8/b54ntNyW6sjtoqxqRk3LTmXzaJoh71zMsDCjM+47jS7XiwN/+fQ=="
  "resolved" "https://registry.npmjs.org/blakejs/-/blakejs-1.2.1.tgz"
  "version" "1.2.1"

"bn.js@^4.11.0", "bn.js@^4.11.8":
  "integrity" "sha512-c98Bf3tPniI+scsdk237ku1Dc3ujXQTSgyiPUDEOe7tRkhrqridvh8klBv0HCEso1OLOYcHuCv/cS6DNxKH+ZA=="
  "resolved" "https://registry.npmjs.org/bn.js/-/bn.js-4.12.0.tgz"
  "version" "4.12.0"

"bn.js@^4.11.9":
  "integrity" "sha512-c98Bf3tPniI+scsdk237ku1Dc3ujXQTSgyiPUDEOe7tRkhrqridvh8klBv0HCEso1OLOYcHuCv/cS6DNxKH+ZA=="
  "resolved" "https://registry.npmjs.org/bn.js/-/bn.js-4.12.0.tgz"
  "version" "4.12.0"

"bn.js@^5.2.0", "bn.js@^5.2.1":
  "integrity" "sha512-eXRvHzWyYPBuB4NBy0cmYQjGitUrtqwbvlzP3G6VFnNRbsZQIxQ10PbKKHt8gZ/HW/D/747aDl+QkDqg3KQLMQ=="
  "resolved" "https://registry.npmjs.org/bn.js/-/bn.js-5.2.1.tgz"
  "version" "5.2.1"

"borsh@^0.7.0":
  "integrity" "sha512-CLCsZGIBCFnPtkNnieW/a8wmreDmfUtjU2m9yHrzPXIlNbqVs0AQrSatSG6vdNYUqdc83tkQi2eHfF98ubzQLA=="
  "resolved" "https://registry.npmjs.org/borsh/-/borsh-0.7.0.tgz"
  "version" "0.7.0"
  dependencies:
    "bn.js" "^5.2.0"
    "bs58" "^4.0.0"
    "text-encoding-utf-8" "^1.0.2"

"brace-expansion@^1.1.7":
  "integrity" "sha512-iCuPHDFgrHX7H2vEI/5xpz07zSHB00TpugqhmYtVmMO6518mCuRMoOYFldEBl0g187ufozdaHgWKcYFb61qGiA=="
  "resolved" "https://registry.npmjs.org/brace-expansion/-/brace-expansion-1.1.11.tgz"
  "version" "1.1.11"
  dependencies:
    "balanced-match" "^1.0.0"
    "concat-map" "0.0.1"

"brorand@^1.1.0":
  "integrity" "sha512-cKV8tMCEpQs4hK/ik71d6LrPOnpkpGBR0wzxqr68g2m/LB2GxVYQroAjMJZRVM1Y4BCjCKc3vAamxSzOY2RP+w=="
  "resolved" "https://registry.npmjs.org/brorand/-/brorand-1.1.0.tgz"
  "version" "1.1.0"

"browserify-aes@^1.2.0":
  "integrity" "sha512-+7CHXqGuspUn/Sl5aO7Ea0xWGAtETPXNSAjHo48JfLdPWcMng33Xe4znFvQweqc/uzk5zSOI3H52CYnjCfb5hA=="
  "resolved" "https://registry.npmjs.org/browserify-aes/-/browserify-aes-1.2.0.tgz"
  "version" "1.2.0"
  dependencies:
    "buffer-xor" "^1.0.3"
    "cipher-base" "^1.0.0"
    "create-hash" "^1.1.0"
    "evp_bytestokey" "^1.0.3"
    "inherits" "^2.0.1"
    "safe-buffer" "^5.0.1"

"bs58@^4.0.0":
  "integrity" "sha512-Ok3Wdf5vOIlBrgCvTq96gBkJw+JUEzdBgyaza5HLtPm7yTHkjRy8+JzNyHF7BHa0bNWOQIp3m5YF0nnFcOIKLw=="
  "resolved" "https://registry.npmjs.org/bs58/-/bs58-4.0.1.tgz"
  "version" "4.0.1"
  dependencies:
    "base-x" "^3.0.2"

"bs58check@^2.1.2":
  "integrity" "sha512-0TS1jicxdU09dwJMNZtVAfzPi6Q6QeN0pM1Fkzrjn+XYHvzMKPU3pHVpva+769iNVSfIYWf7LJ6WR+BuuMf8cA=="
  "resolved" "https://registry.npmjs.org/bs58check/-/bs58check-2.1.2.tgz"
  "version" "2.1.2"
  dependencies:
    "bs58" "^4.0.0"
    "create-hash" "^1.1.0"
    "safe-buffer" "^5.1.2"

"buffer-crc32@~0.2.3":
  "integrity" "sha512-VO9Ht/+p3SN7SKWqcrgEzjGbRSJYTx+Q1pTQC0wrWqHx0vpJraQ6GtHx8tvcg1rlK1byhU5gccxgOgj7B0TDkQ=="
  "resolved" "https://registry.npmjs.org/buffer-crc32/-/buffer-crc32-0.2.13.tgz"
  "version" "0.2.13"

"buffer-xor@^1.0.3":
  "integrity" "sha512-571s0T7nZWK6vB67HI5dyUF7wXiNcfaPPPTl6zYCNApANjIvYJTg7hlud/+cJpdAhS7dVzqMLmfhfHR3rAcOjQ=="
  "resolved" "https://registry.npmjs.org/buffer-xor/-/buffer-xor-1.0.3.tgz"
  "version" "1.0.3"

"buffer@^6.0.3":
  "integrity" "sha512-FTiCpNxtwiZZHEZbcbTIcZjERVICn9yq/pDFkTl95/AxzD1naBctN7YO68riM/gLSDY7sdrMby8hofADYuuqOA=="
  "resolved" "https://registry.npmjs.org/buffer/-/buffer-6.0.3.tgz"
  "version" "6.0.3"
  dependencies:
    "base64-js" "^1.3.1"
    "ieee754" "^1.2.1"

"bufferutil@^4.0.1":
  "integrity" "sha512-kukuqc39WOHtdxtw4UScxF/WVnMFVSQVKhtx3AjZJzhd0RGZZldcrfSEbVsWWe6KNH253574cq5F+wpv0G9pJw=="
  "resolved" "https://registry.npmjs.org/bufferutil/-/bufferutil-4.0.7.tgz"
  "version" "4.0.7"
  dependencies:
    "node-gyp-build" "^4.3.0"

"chalk@4.1 - 4.1.2":
  "integrity" "sha512-oKnbhFyRIXpUuez8iBMmyEa4nbj4IOQyuhc/wy9kY7/WVPcwIO9VA668Pu8RkO7+0G76SLROeyw9CpQ061i4mA=="
  "resolved" "https://registry.npmjs.org/chalk/-/chalk-4.1.2.tgz"
  "version" "4.1.2"
  dependencies:
    "ansi-styles" "^4.1.0"
    "supports-color" "^7.1.0"

"cipher-base@^1.0.0", "cipher-base@^1.0.1", "cipher-base@^1.0.3":
  "integrity" "sha512-Kkht5ye6ZGmwv40uUDZztayT2ThLQGfnj/T71N/XzeZeo3nf8foyW7zGTsPYkEya3m5f3cAypH+qe7YOrM1U2Q=="
  "resolved" "https://registry.npmjs.org/cipher-base/-/cipher-base-1.0.4.tgz"
  "version" "1.0.4"
  dependencies:
    "inherits" "^2.0.1"
    "safe-buffer" "^5.0.1"

"color-convert@^2.0.1":
  "integrity" "sha512-RRECPsj7iu/xb5oKYcsFHSppFNnsj/52OVTRKb4zP5onXwVF3zVmmToNcOfGC+CRDpfK/U584fMg38ZHCaElKQ=="
  "resolved" "https://registry.npmjs.org/color-convert/-/color-convert-2.0.1.tgz"
  "version" "2.0.1"
  dependencies:
    "color-name" "~1.1.4"

"color-name@~1.1.4":
  "integrity" "sha512-dOy+3AuW3a2wNbZHIuMZpTcgjGuLU/uBL/ubcZF9OXbDo8ff4O8yVp5Bf0efS8uEoYo5q4Fx7dY9OgQGXgAsQA=="
  "resolved" "https://registry.npmjs.org/color-name/-/color-name-1.1.4.tgz"
  "version" "1.1.4"

"commander@^2.20.3":
  "integrity" "sha512-GpVkmM8vF2vQUkj2LvZmD35JxeJOLCwJ9cUkugyk2nuhbv3+mJvpLYYt+0+USMxE+oj+ey/lJEnhZw75x/OMcQ=="
  "resolved" "https://registry.npmjs.org/commander/-/commander-2.20.3.tgz"
  "version" "2.20.3"

"concat-map@0.0.1":
  "integrity" "sha512-/Srv4dswyQNBfohGpz9o6Yb3Gz3SrUDqBH5rTuhGR7ahtlbYKnVxw2bCFMRljaA7EXHaXZ8wsHdodFvbkhKmqg=="
  "resolved" "https://registry.npmjs.org/concat-map/-/concat-map-0.0.1.tgz"
  "version" "0.0.1"

"create-hash@^1.1.0", "create-hash@^1.1.2", "create-hash@^1.2.0":
  "integrity" "sha512-z00bCGNHDG8mHAkP7CtT1qVu+bFQUPjYq/4Iv3C3kWjTFV10zIjfSoeqXo9Asws8gwSHDGj/hl2u4OGIjapeCg=="
  "resolved" "https://registry.npmjs.org/create-hash/-/create-hash-1.2.0.tgz"
  "version" "1.2.0"
  dependencies:
    "cipher-base" "^1.0.1"
    "inherits" "^2.0.1"
    "md5.js" "^1.3.4"
    "ripemd160" "^2.0.1"
    "sha.js" "^2.4.0"

"create-hmac@^1.1.4", "create-hmac@^1.1.7":
  "integrity" "sha512-MJG9liiZ+ogc4TzUwuvbER1JRdgvUFSB5+VR/g5h82fGaIRWMWddtKBHi7/sVhfjQZ6SehlyhvQYrcYkaUIpLg=="
  "resolved" "https://registry.npmjs.org/create-hmac/-/create-hmac-1.1.7.tgz"
  "version" "1.1.7"
  dependencies:
    "cipher-base" "^1.0.3"
    "create-hash" "^1.1.0"
    "inherits" "^2.0.1"
    "ripemd160" "^2.0.0"
    "safe-buffer" "^5.0.1"
    "sha.js" "^2.4.8"

"cross-fetch@^3.1.5":
  "integrity" "sha512-lvb1SBsI0Z7GDwmuid+mU3kWVBwTVUbe7S0H52yaaAdQOXq2YktTCZdlAcNKFzE6QtRz0snpw9bNiPeOIkkQvw=="
  "resolved" "https://registry.npmjs.org/cross-fetch/-/cross-fetch-3.1.5.tgz"
  "version" "3.1.5"
  dependencies:
    "node-fetch" "2.6.7"

"crypto-js@^4.1.1":
  "integrity" "sha512-o2JlM7ydqd3Qk9CA0L4NL6mTzU2sdx96a+oOfPu8Mkl/PK51vSyoi8/rQ8NknZtk44vq15lmhAj9CIAGwgeWKw=="
  "resolved" "https://registry.npmjs.org/crypto-js/-/crypto-js-4.1.1.tgz"
  "version" "4.1.1"

"delay@^5.0.0":
  "integrity" "sha512-ReEBKkIfe4ya47wlPYf/gu5ib6yUG0/Aez0JQZQz94kiWtRQvZIQbTiehsnwHvLSWJnQdhVeqYue7Id1dKr0qw=="
  "resolved" "https://registry.npmjs.org/delay/-/delay-5.0.0.tgz"
  "version" "5.0.0"

"elliptic@^6.5.2", "elliptic@^6.5.4":
  "integrity" "sha512-iLhC6ULemrljPZb+QutR5TQGB+pdW6KGD5RSegS+8sorOZT+rdQFbsQFJgvN3eRqNALqJer4oQ16YvJHlU8hzQ=="
  "resolved" "https://registry.npmjs.org/elliptic/-/elliptic-6.5.4.tgz"
  "version" "6.5.4"
  dependencies:
    "bn.js" "^4.11.9"
    "brorand" "^1.1.0"
    "hash.js" "^1.0.0"
    "hmac-drbg" "^1.0.1"
    "inherits" "^2.0.4"
    "minimalistic-assert" "^1.0.1"
    "minimalistic-crypto-utils" "^1.0.1"

"es6-promise@^4.0.3":
  "integrity" "sha512-HJDGx5daxeIvxdBxvG2cb9g4tEvwIk3i8+nhX0yGrYmZUzbkdg8QbDevheDB8gd0//uPj4c1EQua8Q+MViT0/w=="
  "resolved" "https://registry.npmjs.org/es6-promise/-/es6-promise-4.2.8.tgz"
  "version" "4.2.8"

"es6-promisify@^5.0.0":
  "integrity" "sha512-C+d6UdsYDk0lMebHNR4S2NybQMMngAOnOwYBQjTOiv0MkoJMP0Myw2mgpDLBcpfCmRLxyFqYhS/CfOENq4SJhQ=="
  "resolved" "https://registry.npmjs.org/es6-promisify/-/es6-promisify-5.0.0.tgz"
  "version" "5.0.0"
  dependencies:
    "es6-promise" "^4.0.3"

"eth-sig-util@^3.0.1":
  "integrity" "sha512-0Us50HiGGvZgjtWTyAI/+qTzYPMLy5Q451D0Xy68bxq1QMWdoOddDwGvsqcFT27uohKgalM9z/yxplyt+mY2iQ=="
  "resolved" "https://registry.npmjs.org/eth-sig-util/-/eth-sig-util-3.0.1.tgz"
  "version" "3.0.1"
  dependencies:
    "ethereumjs-abi" "^0.6.8"
    "ethereumjs-util" "^5.1.1"
    "tweetnacl" "^1.0.3"
    "tweetnacl-util" "^0.15.0"

"ethereum-cryptography@^0.1.3":
  "integrity" "sha512-w8/4x1SGGzc+tO97TASLja6SLd3fRIK2tLVcV2Gx4IB21hE19atll5Cq9o3d0ZmAYC/8aw0ipieTSiekAea4SQ=="
  "resolved" "https://registry.npmjs.org/ethereum-cryptography/-/ethereum-cryptography-0.1.3.tgz"
  "version" "0.1.3"
  dependencies:
    "@types/pbkdf2" "^3.0.0"
    "@types/secp256k1" "^4.0.1"
    "blakejs" "^1.1.0"
    "browserify-aes" "^1.2.0"
    "bs58check" "^2.1.2"
    "create-hash" "^1.2.0"
    "create-hmac" "^1.1.7"
    "hash.js" "^1.1.7"
    "keccak" "^3.0.0"
    "pbkdf2" "^3.0.17"
    "randombytes" "^2.1.0"
    "safe-buffer" "^5.1.2"
    "scrypt-js" "^3.0.0"
    "secp256k1" "^4.0.1"
    "setimmediate" "^1.0.5"

"ethereum-cryptography@^1.1.2":
  "integrity" "sha512-XDSJlg4BD+hq9N2FjvotwUET9Tfxpxc3kWGE2AqUG5vcbeunnbImVk3cj6e/xT3phdW21mE8R5IugU4fspQDcQ=="
  "resolved" "https://registry.npmjs.org/ethereum-cryptography/-/ethereum-cryptography-1.1.2.tgz"
  "version" "1.1.2"
  dependencies:
    "@noble/hashes" "1.1.2"
    "@noble/secp256k1" "1.6.3"
    "@scure/bip32" "1.1.0"
    "@scure/bip39" "1.1.0"

"ethereumjs-abi@^0.6.8":
  "integrity" "sha512-Tx0r/iXI6r+lRsdvkFDlut0N08jWMnKRZ6Gkq+Nmw75lZe4e6o3EkSnkaBP5NF6+m5PTGAr9JP43N3LyeoglsA=="
  "resolved" "https://registry.npmjs.org/ethereumjs-abi/-/ethereumjs-abi-0.6.8.tgz"
  "version" "0.6.8"
  dependencies:
    "bn.js" "^4.11.8"
    "ethereumjs-util" "^6.0.0"

"ethereumjs-util@^5.1.1":
  "integrity" "sha512-v3kT+7zdyCm1HIqWlLNrHGqHGLpGYIhjeHxQjnDXjLT2FyGJDsd3LWMYUo7pAFRrk86CR3nUJfhC81CCoJNNGQ=="
  "resolved" "https://registry.npmjs.org/ethereumjs-util/-/ethereumjs-util-5.2.1.tgz"
  "version" "5.2.1"
  dependencies:
    "bn.js" "^4.11.0"
    "create-hash" "^1.1.2"
    "elliptic" "^6.5.2"
    "ethereum-cryptography" "^0.1.3"
    "ethjs-util" "^0.1.3"
    "rlp" "^2.0.0"
    "safe-buffer" "^5.1.1"

"ethereumjs-util@^6.0.0":
  "integrity" "sha512-W2Ktez4L01Vexijrm5EB6w7dg4n/TgpoYU4avuT5T3Vmnw/eCRtiBrJfQYS/DCSvDIOLn2k57GcHdeBcgVxAqw=="
  "resolved" "https://registry.npmjs.org/ethereumjs-util/-/ethereumjs-util-6.2.1.tgz"
  "version" "6.2.1"
  dependencies:
    "@types/bn.js" "^4.11.3"
    "bn.js" "^4.11.0"
    "create-hash" "^1.1.2"
    "elliptic" "^6.5.2"
    "ethereum-cryptography" "^0.1.3"
    "ethjs-util" "0.1.6"
    "rlp" "^2.2.3"

"ethjs-util@^0.1.3", "ethjs-util@^0.1.6", "ethjs-util@0.1.6":
  "integrity" "sha512-CUnVOQq7gSpDHZVVrQW8ExxUETWrnrvXYvYz55wOU8Uj4VCgw56XC2B/fVqQN+f7gmrnRHSLVnFAwsCuNwji8w=="
  "resolved" "https://registry.npmjs.org/ethjs-util/-/ethjs-util-0.1.6.tgz"
  "version" "0.1.6"
  dependencies:
    "is-hex-prefixed" "1.0.0"
    "strip-hex-prefix" "1.0.0"

"eventemitter3@^4.0.7":
  "integrity" "sha512-8guHBZCwKnFhYdHr2ysuRWErTwhoN2X8XELRlrRwpmfeY2jjuUN4taQMsULKUVo1K4DvZl+0pgfyoysHxvmvEw=="
  "resolved" "https://registry.npmjs.org/eventemitter3/-/eventemitter3-4.0.7.tgz"
  "version" "4.0.7"

"evp_bytestokey@^1.0.3":
  "integrity" "sha512-/f2Go4TognH/KvCISP7OUsHn85hT9nUkxxA9BEWxFn+Oj9o8ZNLm/40hdlgSLyuOimsrTKLUMEorQexp/aPQeA=="
  "resolved" "https://registry.npmjs.org/evp_bytestokey/-/evp_bytestokey-1.0.3.tgz"
  "version" "1.0.3"
  dependencies:
    "md5.js" "^1.3.4"
    "safe-buffer" "^5.1.1"

"eyes@^0.1.8":
  "integrity" "sha512-GipyPsXO1anza0AOZdy69Im7hGFCNB7Y/NGjDlZGJ3GJJLtwNSb2vrzYrTYJRrRloVx7pl+bhUaTB8yiccPvFQ=="
  "resolved" "https://registry.npmjs.org/eyes/-/eyes-0.1.8.tgz"
  "version" "0.1.8"

"fd-slicer@~1.1.0":
  "integrity" "sha512-cE1qsB/VwyQozZ+q1dGxR8LBYNZeofhEdUNGSMbQD3Gw2lAzX9Zb3uIU6Ebc/Fmyjo9AWWfnn0AUCHqtevs/8g=="
  "resolved" "https://registry.npmjs.org/fd-slicer/-/fd-slicer-1.1.0.tgz"
  "version" "1.1.0"
  dependencies:
    "pend" "~1.2.0"

"fs.realpath@^1.0.0":
  "integrity" "sha512-OO0pH2lK6a0hZnAdau5ItzHPI6pUlvI7jMVnxUQRtw4owF2wk8lOSabtGDCTP4Ggrg2MbGnWO9X8K1t4+fGMDw=="
  "resolved" "https://registry.npmjs.org/fs.realpath/-/fs.realpath-1.0.0.tgz"
  "version" "1.0.0"

"geoip-lite@^1.4.5":
  "integrity" "sha512-JiG2zqGhFPJU/Zz//XkSfUJAaCWEz8rBi3k7RbNDEYkxGSkmguGNirJ1Q5C2ADKTMY7RqDRdxIbiX55zzZ5eJw=="
  "resolved" "https://registry.npmjs.org/geoip-lite/-/geoip-lite-1.4.6.tgz"
  "version" "1.4.6"
  dependencies:
    "async" "2.1 - 2.6.4"
    "chalk" "4.1 - 4.1.2"
    "iconv-lite" "0.4.13 - 0.6.3"
    "ip-address" "5.8.9 - 5.9.4"
    "lazy" "1.0.11"
    "rimraf" "2.5.2 - 2.7.1"
    "yauzl" "2.9.2 - 2.10.0"

"glob@^7.1.3":
  "integrity" "sha512-nFR0zLpU2YCaRxwoCJvL6UvCH2JFyFVIvwTLsIf21AuHlMskA1hhTdk+LlYJtOlYt9v6dvszD2BGRqBL+iQK9Q=="
  "resolved" "https://registry.npmjs.org/glob/-/glob-7.2.3.tgz"
  "version" "7.2.3"
  dependencies:
    "fs.realpath" "^1.0.0"
    "inflight" "^1.0.4"
    "inherits" "2"
    "minimatch" "^3.1.1"
    "once" "^1.3.0"
    "path-is-absolute" "^1.0.0"

"has-flag@^4.0.0":
  "integrity" "sha512-EykJT/Q1KjTWctppgIAgfSO0tKVuZUjhgMr17kqTumMl6Afv3EISleU7qZUzoXDFTAHTDC4NOoG/ZxU3EvlMPQ=="
  "resolved" "https://registry.npmjs.org/has-flag/-/has-flag-4.0.0.tgz"
  "version" "4.0.0"

"hash-base@^3.0.0":
  "integrity" "sha512-1nmYp/rhMDiE7AYkDw+lLwlAzz0AntGIe51F3RfFfEqyQ3feY2eI/NcwC6umIQVOASPMsWJLJScWKSSvzL9IVA=="
  "resolved" "https://registry.npmjs.org/hash-base/-/hash-base-3.1.0.tgz"
  "version" "3.1.0"
  dependencies:
    "inherits" "^2.0.4"
    "readable-stream" "^3.6.0"
    "safe-buffer" "^5.2.0"

"hash.js@^1.0.0", "hash.js@^1.0.3", "hash.js@^1.1.7":
  "integrity" "sha512-taOaskGt4z4SOANNseOviYDvjEJinIkRgmp7LbKP2YTTmVxWBl87s/uzK9r+44BclBSp2X7K1hqeNfz9JbBeXA=="
  "resolved" "https://registry.npmjs.org/hash.js/-/hash.js-1.1.7.tgz"
  "version" "1.1.7"
  dependencies:
    "inherits" "^2.0.3"
    "minimalistic-assert" "^1.0.1"

"hmac-drbg@^1.0.1":
  "integrity" "sha512-Tti3gMqLdZfhOQY1Mzf/AanLiqh1WTiJgEj26ZuYQ9fbkLomzGchCws4FyrSd4VkpBfiNhaE1On+lOz894jvXg=="
  "resolved" "https://registry.npmjs.org/hmac-drbg/-/hmac-drbg-1.0.1.tgz"
  "version" "1.0.1"
  dependencies:
    "hash.js" "^1.0.3"
    "minimalistic-assert" "^1.0.0"
    "minimalistic-crypto-utils" "^1.0.1"

"iconv-lite@0.4.13 - 0.6.3":
  "integrity" "sha512-4fCk79wshMdzMp2rH06qWrJE4iolqLhCUH+OiuIgU++RB0+94NlDL81atO7GX55uUKueo0txHNtvEyI6D7WdMw=="
  "resolved" "https://registry.npmjs.org/iconv-lite/-/iconv-lite-0.6.3.tgz"
  "version" "0.6.3"
  dependencies:
    "safer-buffer" ">= 2.1.2 < 3.0.0"

"ieee754@^1.2.1":
  "integrity" "sha512-dcyqhDvX1C46lXZcVqCpK+FtMRQVdIMN6/Df5js2zouUsqG7I6sFxitIC+7KYK29KdXOLHdu9zL4sFnoVQnqaA=="
  "resolved" "https://registry.npmjs.org/ieee754/-/ieee754-1.2.1.tgz"
  "version" "1.2.1"

"inflight@^1.0.4":
  "integrity" "sha512-k92I/b08q4wvFscXCLvqfsHCrjrF7yiXsQuIVvVE7N82W3+aqpzuUdBbfhWcy/FZR3/4IgflMgKLOsvPDrGCJA=="
  "resolved" "https://registry.npmjs.org/inflight/-/inflight-1.0.6.tgz"
  "version" "1.0.6"
  dependencies:
    "once" "^1.3.0"
    "wrappy" "1"

"inherits@^2.0.1", "inherits@^2.0.3", "inherits@^2.0.4", "inherits@2":
  "integrity" "sha512-k/vGaX4/Yla3WzyMCvTQOXYeIHvqOKtnqBduzTHpzpQZzAskKMhZ2K+EnBiSM9zGSoIFeMpXKxa4dYeZIQqewQ=="
  "resolved" "https://registry.npmmirror.com/inherits/-/inherits-2.0.4.tgz"
  "version" "2.0.4"

"ip-address@5.8.9 - 5.9.4":
  "integrity" "sha512-dHkI3/YNJq4b/qQaz+c8LuarD3pY24JqZWfjB8aZx1gtpc2MDILu9L9jpZe1sHpzo/yWFweQVn+U//FhazUxmw=="
  "resolved" "https://registry.npmjs.org/ip-address/-/ip-address-5.9.4.tgz"
  "version" "5.9.4"
  dependencies:
    "jsbn" "1.1.0"
    "lodash" "^4.17.15"
    "sprintf-js" "1.1.2"

"is-hex-prefixed@1.0.0":
  "integrity" "sha512-WvtOiug1VFrE9v1Cydwm+FnXd3+w9GaeVUss5W4v/SLy3UW00vP+6iNF2SdnfiBoLy4bTqVdkftNGTUeOFVsbA=="
  "resolved" "https://registry.npmjs.org/is-hex-prefixed/-/is-hex-prefixed-1.0.0.tgz"
  "version" "1.0.0"

"isomorphic-ws@^4.0.1":
  "integrity" "sha512-BhBvN2MBpWTaSHdWRb/bwdZJ1WaehQ2L1KngkCkfLUGF0mAWAT1sQUQacEmQ0jXkFw/czDXPNQSL5u2/Krsz1w=="
  "resolved" "https://registry.npmjs.org/isomorphic-ws/-/isomorphic-ws-4.0.1.tgz"
  "version" "4.0.1"

"jayson@^3.6.6":
  "integrity" "sha512-tfy39KJMrrXJ+mFcMpxwBvFDetS8LAID93+rycFglIQM4kl3uNR3W4lBLE/FFhsoUCEox5Dt2adVpDm/XtebbQ=="
  "resolved" "https://registry.npmjs.org/jayson/-/jayson-3.7.0.tgz"
  "version" "3.7.0"
  dependencies:
    "@types/connect" "^3.4.33"
    "@types/node" "^12.12.54"
    "@types/ws" "^7.4.4"
    "commander" "^2.20.3"
    "delay" "^5.0.0"
    "es6-promisify" "^5.0.0"
    "eyes" "^0.1.8"
    "isomorphic-ws" "^4.0.1"
    "json-stringify-safe" "^5.0.1"
    "JSONStream" "^1.3.5"
    "lodash" "^4.17.20"
    "uuid" "^8.3.2"
    "ws" "^7.4.5"

"js-sha3@^0.8.0":
  "integrity" "sha512-gF1cRrHhIzNfToc802P800N8PpXS+evLLXfsVpowqmAFR9uwbi89WvXg2QspOmXL8QL86J4T1EpFu+yUkwJY3Q=="
  "resolved" "https://registry.npmjs.org/js-sha3/-/js-sha3-0.8.0.tgz"
  "version" "0.8.0"

"js-tokens@^3.0.0 || ^4.0.0":
  "integrity" "sha512-RdJUflcE3cUzKiMqQgsCu06FPu9UdIJO0beYbPhHN4k6apgJtifcoCtT9bcxOpYBtpD2kCM6Sbzg4CausW/PKQ=="
  "resolved" "https://registry.npmjs.org/js-tokens/-/js-tokens-4.0.0.tgz"
  "version" "4.0.0"

"jsbn@1.1.0":
  "integrity" "sha512-4bYVV3aAMtDTTu4+xsDYa6sy9GyJ69/amsu9sYF2zqjiEoZA5xJi3BrfX3uY+/IekIu7MwdObdbDWpoZdBv3/A=="
  "resolved" "https://registry.npmjs.org/jsbn/-/jsbn-1.1.0.tgz"
  "version" "1.1.0"

"json-stringify-safe@^5.0.1":
  "integrity" "sha512-ZClg6AaYvamvYEE82d3Iyd3vSSIjQ+odgjaTzRuO3s7toCdFKczob2i0zCh7JE8kWn17yvAWhUVxvqGwUalsRA=="
  "resolved" "https://registry.npmjs.org/json-stringify-safe/-/json-stringify-safe-5.0.1.tgz"
  "version" "5.0.1"

"jsonparse@^1.2.0":
  "integrity" "sha512-POQXvpdL69+CluYsillJ7SUhKvytYjW9vG/GKpnf+xP8UWgYEM/RaMzHHofbALDiKbbP1W8UEYmgGl39WkPZsg=="
  "resolved" "https://registry.npmjs.org/jsonparse/-/jsonparse-1.3.1.tgz"
  "version" "1.3.1"

"JSONStream@^1.3.5":
  "integrity" "sha512-E+iruNOY8VV9s4JEbe1aNEm6MiszPRr/UfcHMz0TQh1BXSxHK+ASV1R6W4HpjBhSeS+54PIsAMCBmwD06LLsqQ=="
  "resolved" "https://registry.npmjs.org/JSONStream/-/JSONStream-1.3.5.tgz"
  "version" "1.3.5"
  dependencies:
    "jsonparse" "^1.2.0"
    "through" ">=2.2.7 <3"

"keccak@^3.0.0":
  "integrity" "sha512-PyKKjkH53wDMLGrvmRGSNWgmSxZOUqbnXwKL9tmgbFYA1iAYqW21kfR7mZXV0MlESiefxQQE9X9fTa3X+2MPDQ=="
  "resolved" "https://registry.npmjs.org/keccak/-/keccak-3.0.2.tgz"
  "version" "3.0.2"
  dependencies:
    "node-addon-api" "^2.0.0"
    "node-gyp-build" "^4.2.0"
    "readable-stream" "^3.6.0"

"lazy@1.0.11":
  "integrity" "sha512-Y+CjUfLmIpoUCCRl0ub4smrYtGGr5AOa2AKOaWelGHOGz33X/Y/KizefGqbkwfz44+cnq/+9habclf8vOmu2LA=="
  "resolved" "https://registry.npmjs.org/lazy/-/lazy-1.0.11.tgz"
  "version" "1.0.11"

"lodash@^4.17.14", "lodash@^4.17.15", "lodash@^4.17.20":
  "integrity" "sha512-v2kDEe57lecTulaDIuNTPy3Ry4gLGJ6Z1O3vE1krgXZNrsQ+LFTGHVxVjcXPs17LhbZVGedAJv8XZ1tvj5FvSg=="
  "resolved" "https://registry.npmjs.org/lodash/-/lodash-4.17.21.tgz"
  "version" "4.17.21"

"loose-envify@^1.1.0":
  "integrity" "sha512-lyuxPGr/Wfhrlem2CL/UcnUc1zcqKAImBDzukY7Y5F/yQiNdko6+fRLevlw1HgMySw7f611UIY408EtxRSoK3Q=="
  "resolved" "https://registry.npmjs.org/loose-envify/-/loose-envify-1.4.0.tgz"
  "version" "1.4.0"
  dependencies:
    "js-tokens" "^3.0.0 || ^4.0.0"

"lossless-json@^1.0.5":
  "integrity" "sha512-RicKUuLwZVNZ6ZdJHgIZnSeA05p8qWc5NW0uR96mpPIjN9WDLUg9+kj1esQU1GkPn9iLZVKatSQK5gyiaFHgJA=="
  "resolved" "https://registry.npmjs.org/lossless-json/-/lossless-json-1.0.5.tgz"
  "version" "1.0.5"

"md5.js@^1.3.4":
  "integrity" "sha512-xitP+WxNPcTTOgnTJcrhM0xvdPepipPSf3I8EIpGKeFLjt3PlJLIDG3u8EX53ZIubkb+5U2+3rELYpEhHhzdkg=="
  "resolved" "https://registry.npmjs.org/md5.js/-/md5.js-1.3.5.tgz"
  "version" "1.3.5"
  dependencies:
    "hash-base" "^3.0.0"
    "inherits" "^2.0.1"
    "safe-buffer" "^5.1.2"

"minimalistic-assert@^1.0.0", "minimalistic-assert@^1.0.1":
  "integrity" "sha512-UtJcAD4yEaGtjPezWuO9wC4nwUnVH/8/Im3yEHQP4b67cXlD/Qr9hdITCU1xDbSEXg2XKNaP8jsReV7vQd00/A=="
  "resolved" "https://registry.npmjs.org/minimalistic-assert/-/minimalistic-assert-1.0.1.tgz"
  "version" "1.0.1"

"minimalistic-crypto-utils@^1.0.1":
  "integrity" "sha512-JIYlbt6g8i5jKfJ3xz7rF0LXmv2TkDxBLUkiBeZ7bAx4GnnNMr8xFpGnOxn6GhTEHx3SjRrZEoU+j04prX1ktg=="
  "resolved" "https://registry.npmjs.org/minimalistic-crypto-utils/-/minimalistic-crypto-utils-1.0.1.tgz"
  "version" "1.0.1"

"minimatch@^3.1.1":
  "integrity" "sha512-J7p63hRiAjw1NDEww1W7i37+ByIrOWO5XQQAzZ3VOcL0PNybwpfmV/N05zFAzwQ9USyEcX6t3UO+K5aqBQOIHw=="
  "resolved" "https://registry.npmjs.org/minimatch/-/minimatch-3.1.2.tgz"
  "version" "3.1.2"
  dependencies:
    "brace-expansion" "^1.1.7"

"node-addon-api@^2.0.0":
  "integrity" "sha512-Ntyt4AIXyaLIuMHF6IOoTakB3K+RWxwtsHNRxllEoA6vPwP9o4866g6YWDLUdnucilZhmkxiHwHr11gAENw+QA=="
  "resolved" "https://registry.npmjs.org/node-addon-api/-/node-addon-api-2.0.2.tgz"
  "version" "2.0.2"

"node-fetch@2.6.7":
  "integrity" "sha512-ZjMPFEfVx5j+y2yF35Kzx5sF7kDzxuDj6ziH4FFbOp87zKDZNx8yExJIb05OGF4Nlt9IHFIMBkRl41VdvcNdbQ=="
  "resolved" "https://registry.npmjs.org/node-fetch/-/node-fetch-2.6.7.tgz"
  "version" "2.6.7"
  dependencies:
    "whatwg-url" "^5.0.0"

"node-gyp-build@^4.2.0", "node-gyp-build@^4.3.0":
  "integrity" "sha512-2iGbaQBV+ITgCz76ZEjmhUKAKVf7xfY1sRl4UiKQspfZMH2h06SyhNsnSVy50cwkFQDGLyif6m/6uFXHkOZ6rg=="
  "resolved" "https://registry.npmjs.org/node-gyp-build/-/node-gyp-build-4.5.0.tgz"
  "version" "4.5.0"

"once@^1.3.0":
  "integrity" "sha512-lNaJgI+2Q5URQBkccEKHTQOPaXdUxnZZElQTZY0MFUAuaEqe1E+Nyvgdz/aIyNi6Z9MzO5dv1H8n58/GELp3+w=="
  "resolved" "https://registry.npmjs.org/once/-/once-1.4.0.tgz"
  "version" "1.4.0"
  dependencies:
    "wrappy" "1"

"path-is-absolute@^1.0.0":
  "integrity" "sha512-AVbw3UJ2e9bq64vSaS9Am0fje1Pa8pbGqTTsmXfaIiMpnr5DlDhfJOuLj9Sf95ZPVDAUerDfEk88MPmPe7UCQg=="
  "resolved" "https://registry.npmjs.org/path-is-absolute/-/path-is-absolute-1.0.1.tgz"
  "version" "1.0.1"

"pbkdf2@^3.0.17":
  "integrity" "sha512-iuh7L6jA7JEGu2WxDwtQP1ddOpaJNC4KlDEFfdQajSGgGPNi4OyDc2R7QnbY2bR9QjBVGwgvTdNJZoE7RaxUMA=="
  "resolved" "https://registry.npmjs.org/pbkdf2/-/pbkdf2-3.1.2.tgz"
  "version" "3.1.2"
  dependencies:
    "create-hash" "^1.1.2"
    "create-hmac" "^1.1.4"
    "ripemd160" "^2.0.1"
    "safe-buffer" "^5.0.1"
    "sha.js" "^2.4.8"

"pend@~1.2.0":
  "integrity" "sha512-F3asv42UuXchdzt+xXqfW1OGlVBe+mxa2mqI0pg5yAHZPvFmY3Y6drSf/GQ1A86WgWEN9Kzh/WrgKa6iGcHXLg=="
  "resolved" "https://registry.npmjs.org/pend/-/pend-1.2.0.tgz"
  "version" "1.2.0"

"randombytes@^2.1.0":
  "integrity" "sha512-vYl3iOX+4CKUWuxGi9Ukhie6fsqXqS9FE2Zaic4tNFD2N2QQaXOMFbuKK4QmDHC0JO6B1Zp41J0LpT0oR68amQ=="
  "resolved" "https://registry.npmjs.org/randombytes/-/randombytes-2.1.0.tgz"
  "version" "2.1.0"
  dependencies:
    "safe-buffer" "^5.1.0"

"react-dom@*":
  "integrity" "sha512-6IMTriUmvsjHUjNtEDudZfuDQUoWXVxKHhlEGSk81n4YFS+r/Kl99wXiwlVXtPBtJenozv2P+hxDsw9eA7Xo6g=="
  "resolved" "https://registry.npmjs.org/react-dom/-/react-dom-18.2.0.tgz"
  "version" "18.2.0"
  dependencies:
    "loose-envify" "^1.1.0"
    "scheduler" "^0.23.0"

"react@*", "react@^18.2.0":
  "integrity" "sha512-/3IjMdb2L9QbBdWiW5e3P2/npwMBaU9mHCSCUzNln0ZCYbcfTsGbTJrU/kGemdH2IWmB2ioZ+zkxtmq6g09fGQ=="
  "resolved" "https://registry.npmjs.org/react/-/react-18.2.0.tgz"
  "version" "18.2.0"
  dependencies:
    "loose-envify" "^1.1.0"

"readable-stream@^3.6.0":
  "integrity" "sha512-BViHy7LKeTz4oNnkcLJ+lVSL6vpiFeX6/d3oSH8zCW7UxP2onchk+vTGB143xuFjHS3deTgkKoXXymXqymiIdA=="
  "resolved" "https://registry.npmjs.org/readable-stream/-/readable-stream-3.6.0.tgz"
  "version" "3.6.0"
  dependencies:
    "inherits" "^2.0.3"
    "string_decoder" "^1.1.1"
    "util-deprecate" "^1.0.1"

"regenerator-runtime@^0.13.10":
  "integrity" "sha512-KepLsg4dU12hryUO7bp/axHAKvwGOCV0sGloQtpagJ12ai+ojVDqkeGSiRX1zlq+kjIMZ1t7gpze+26QqtdGqw=="
  "resolved" "https://registry.npmjs.org/regenerator-runtime/-/regenerator-runtime-0.13.10.tgz"
  "version" "0.13.10"

"rimraf@2.5.2 - 2.7.1":
  "integrity" "sha512-uWjbaKIK3T1OSVptzX7Nl6PvQ3qAGtKEtVRjRuazjfL3Bx5eI409VZSqgND+4UNnmzLVdPj9FqFJNPqBZFve4w=="
  "resolved" "https://registry.npmjs.org/rimraf/-/rimraf-2.7.1.tgz"
  "version" "2.7.1"
  dependencies:
    "glob" "^7.1.3"

"ripemd160@^2.0.0", "ripemd160@^2.0.1":
  "integrity" "sha512-ii4iagi25WusVoiC4B4lq7pbXfAp3D9v5CwfkY33vffw2+pkDjY1D8GaN7spsxvCSx8dkPqOZCEZyfxcmJG2IA=="
  "resolved" "https://registry.npmjs.org/ripemd160/-/ripemd160-2.0.2.tgz"
  "version" "2.0.2"
  dependencies:
    "hash-base" "^3.0.0"
    "inherits" "^2.0.1"

"rlp@^2.0.0", "rlp@^2.2.3":
  "integrity" "sha512-d5gdPmgQ0Z+AklL2NVXr/IoSjNZFfTVvQWzL/AM2AOcSzYP2xjlb0AC8YyCLc41MSNf6P6QVtjgPdmVtzb+4lQ=="
  "resolved" "https://registry.npmjs.org/rlp/-/rlp-2.2.7.tgz"
  "version" "2.2.7"
  dependencies:
    "bn.js" "^5.2.0"

"rpc-websockets@^7.5.0":
  "integrity" "sha512-9tIRi1uZGy7YmDjErf1Ax3wtqdSSLIlnmL5OtOzgd5eqPKbsPpwDP5whUDO2LQay3Xp0CcHlcNSGzacNRluBaQ=="
  "resolved" "https://registry.npmjs.org/rpc-websockets/-/rpc-websockets-7.5.0.tgz"
  "version" "7.5.0"
  dependencies:
    "@babel/runtime" "^7.17.2"
    "eventemitter3" "^4.0.7"
    "uuid" "^8.3.2"
    "ws" "^8.5.0"
  optionalDependencies:
    "bufferutil" "^4.0.1"
    "utf-8-validate" "^5.0.2"

"safe-buffer@^5.0.1", "safe-buffer@^5.1.0", "safe-buffer@^5.1.1", "safe-buffer@^5.1.2", "safe-buffer@^5.2.0", "safe-buffer@~5.2.0":
  "integrity" "sha512-rp3So07KcdmmKbGvgaNxQSJr7bGVSVk5S9Eq1F+ppbRo70+YeaDxkw5Dd8NPN+GD6bjnYm2VuPuCXmpuYvmCXQ=="
  "resolved" "https://registry.npmjs.org/safe-buffer/-/safe-buffer-5.2.1.tgz"
  "version" "5.2.1"

"safer-buffer@>= 2.1.2 < 3.0.0":
  "integrity" "sha512-YZo3K82SD7Riyi0E1EQPojLz7kpepnSQI9IyPbHHg1XXXevb5dJI7tpyN2ADxGcQbHG7vcyRHk0cbwqcQriUtg=="
  "resolved" "https://registry.npmjs.org/safer-buffer/-/safer-buffer-2.1.2.tgz"
  "version" "2.1.2"

"scheduler@^0.23.0":
  "integrity" "sha512-CtuThmgHNg7zIZWAXi3AsyIzA3n4xx7aNyjwC2VJldO2LMVDhFK+63xGqq6CsJH4rTAt6/M+N4GhZiDYPx9eUw=="
  "resolved" "https://registry.npmjs.org/scheduler/-/scheduler-0.23.0.tgz"
  "version" "0.23.0"
  dependencies:
    "loose-envify" "^1.1.0"

"scrypt-js@^3.0.0":
  "integrity" "sha512-cdwTTnqPu0Hyvf5in5asVdZocVDTNRmR7XEcJuIzMjJeSHybHl7vpB66AzwTaIg6CLSbtjcxc8fqcySfnTkccA=="
  "resolved" "https://registry.npmjs.org/scrypt-js/-/scrypt-js-3.0.1.tgz"
  "version" "3.0.1"

"secp256k1@^4.0.1":
  "integrity" "sha512-NLZVf+ROMxwtEj3Xa562qgv2BK5e2WNmXPiOdVIPLgs6lyTzMvBq0aWTYMI5XCP9jZMVKOcqZLw/Wc4vDkuxhA=="
  "resolved" "https://registry.npmjs.org/secp256k1/-/secp256k1-4.0.3.tgz"
  "version" "4.0.3"
  dependencies:
    "elliptic" "^6.5.4"
    "node-addon-api" "^2.0.0"
    "node-gyp-build" "^4.2.0"

"setimmediate@^1.0.5":
  "integrity" "sha512-MATJdZp8sLqDl/68LfQmbP8zKPLQNV6BIZoIgrscFDQ+RsvK/BxeDQOgyxKKoh0y/8h3BqVFnCqQ/gd+reiIXA=="
  "resolved" "https://registry.npmjs.org/setimmediate/-/setimmediate-1.0.5.tgz"
  "version" "1.0.5"

"sha.js@^2.4.0", "sha.js@^2.4.8":
  "integrity" "sha512-QMEp5B7cftE7APOjk5Y6xgrbWu+WkLVQwk8JNjZ8nKRciZaByEW6MubieAiToS7+dwvrjGhH8jRXz3MVd0AYqQ=="
  "resolved" "https://registry.npmjs.org/sha.js/-/sha.js-2.4.11.tgz"
  "version" "2.4.11"
  dependencies:
    "inherits" "^2.0.1"
    "safe-buffer" "^5.0.1"

"sprintf-js@1.1.2":
  "integrity" "sha512-VE0SOVEHCk7Qc8ulkWw3ntAzXuqf7S2lvwQaDLRnUeIEaKNQJzV6BwmLKhOqT61aGhfUMrXeaBk+oDGCzvhcug=="
  "resolved" "https://registry.npmjs.org/sprintf-js/-/sprintf-js-1.1.2.tgz"
  "version" "1.1.2"

"string_decoder@^1.1.1":
  "integrity" "sha512-hkRX8U1WjJFd8LsDJ2yQ/wWWxaopEsABU1XfkM8A+j0+85JAGppt16cr1Whg6KIbb4okU6Mql6BOj+uup/wKeA=="
  "resolved" "https://registry.npmjs.org/string_decoder/-/string_decoder-1.3.0.tgz"
  "version" "1.3.0"
  dependencies:
    "safe-buffer" "~5.2.0"

"strip-hex-prefix@1.0.0":
  "integrity" "sha512-q8d4ue7JGEiVcypji1bALTos+0pWtyGlivAWyPuTkHzuTCJqrK9sWxYQZUq6Nq3cuyv3bm734IhHvHtGGURU6A=="
  "resolved" "https://registry.npmjs.org/strip-hex-prefix/-/strip-hex-prefix-1.0.0.tgz"
  "version" "1.0.0"
  dependencies:
    "is-hex-prefixed" "1.0.0"

"supports-color@^7.1.0":
  "integrity" "sha512-qpCAvRl9stuOHveKsn7HncJRvv501qIacKzQlO/+Lwxc9+0q2wLyv4Dfvt80/DPn2pqOBsJdDiogXGR9+OvwRw=="
  "resolved" "https://registry.npmjs.org/supports-color/-/supports-color-7.2.0.tgz"
  "version" "7.2.0"
  dependencies:
    "has-flag" "^4.0.0"

"text-encoding-utf-8@^1.0.2":
  "integrity" "sha512-8bw4MY9WjdsD2aMtO0OzOCY3pXGYNx2d2FfHRVUKkiCPDWjKuOlhLVASS+pD7VkLTVjW268LYJHwsnPFlBpbAg=="
  "resolved" "https://registry.npmjs.org/text-encoding-utf-8/-/text-encoding-utf-8-1.0.2.tgz"
  "version" "1.0.2"

"through@>=2.2.7 <3":
  "integrity" "sha512-w89qg7PI8wAdvX60bMDP+bFoD5Dvhm9oLheFp5O4a2QF0cSBGsBX4qZmadPMvVqlLJBBci+WqGGOAPvcDeNSVg=="
  "resolved" "https://registry.npmjs.org/through/-/through-2.3.8.tgz"
  "version" "2.3.8"

"tr46@~0.0.3":
  "integrity" "sha512-N3WMsuqV66lT30CrXNbEjx4GEwlow3v6rr4mCcv6prnfwhS01rkgyFdjPNBYd9br7LpXV1+Emh01fHnq2Gdgrw=="
  "resolved" "https://registry.npmjs.org/tr46/-/tr46-0.0.3.tgz"
  "version" "0.0.3"

"tweetnacl-util@^0.15.0", "tweetnacl-util@^0.15.1":
  "integrity" "sha512-RKJBIj8lySrShN4w6i/BonWp2Z/uxwC3h4y7xsRrpP59ZboCd0GpEVsOnMDYLMmKBpYhb5TgHzZXy7wTfYFBRw=="
  "resolved" "https://registry.npmjs.org/tweetnacl-util/-/tweetnacl-util-0.15.1.tgz"
  "version" "0.15.1"

"tweetnacl@^1.0.3":
  "integrity" "sha512-6rt+RN7aOi1nGMyC4Xa5DdYiukl2UWCbcJft7YhxReBGQD7OAM8Pbxw6YMo4r2diNEA8FEmu32YOn9rhaiE5yw=="
  "resolved" "https://registry.npmjs.org/tweetnacl/-/tweetnacl-1.0.3.tgz"
  "version" "1.0.3"

"utf-8-validate@^5.0.2":
  "integrity" "sha512-Z6czzLq4u8fPOyx7TU6X3dvUZVvoJmxSQ+IcrlmagKhilxlhZgxPK6C5Jqbkw1IDUmFTM+cz9QDnnLTwDz/2gQ=="
  "resolved" "https://registry.npmjs.org/utf-8-validate/-/utf-8-validate-5.0.10.tgz"
  "version" "5.0.10"
  dependencies:
    "node-gyp-build" "^4.3.0"

"util-deprecate@^1.0.1":
  "integrity" "sha512-EPD5q1uXyFxJpCrLnCc1nHnq3gOa6DZBocAIiI2TaSCA7VCJ1UJDMagCzIkXNsUYfD1daK//LTEQ8xiIbrHtcw=="
  "resolved" "https://registry.npmjs.org/util-deprecate/-/util-deprecate-1.0.2.tgz"
  "version" "1.0.2"

"uuid@^8.3.2":
  "integrity" "sha512-+NYs2QeMWy+GWFOEm9xnn6HCDp0l7QBD7ml8zLUmJ+93Q5NF0NocErnwkTkXVFNiX3/fpC6afS8Dhb/gz7R7eg=="
  "resolved" "https://registry.npmjs.org/uuid/-/uuid-8.3.2.tgz"
  "version" "8.3.2"

"webidl-conversions@^3.0.0":
  "integrity" "sha512-2JAn3z8AR6rjK8Sm8orRC0h/bcl/DqL7tRPdGZ4I1CjdF+EaMLmYxBHyXuKL849eucPFhvBoxMsflfOb8kxaeQ=="
  "resolved" "https://registry.npmjs.org/webidl-conversions/-/webidl-conversions-3.0.1.tgz"
  "version" "3.0.1"

"whatwg-url@^5.0.0":
  "integrity" "sha512-saE57nupxk6v3HY35+jzBwYa0rKSy0XR8JSxZPwgLr7ys0IBzhGviA1/TUGJLmSVqs8pb9AnvICXEuOHLprYTw=="
  "resolved" "https://registry.npmjs.org/whatwg-url/-/whatwg-url-5.0.0.tgz"
  "version" "5.0.0"
  dependencies:
    "tr46" "~0.0.3"
    "webidl-conversions" "^3.0.0"

"wrappy@1":
  "integrity" "sha512-l4Sp/DRseor9wL6EvV2+TuQn63dMkPjZ/sp9XkghTEbV9KlPS1xUsZ3u7/IQO4wxtcFB4bgpQPRcR3QCvezPcQ=="
  "resolved" "https://registry.npmjs.org/wrappy/-/wrappy-1.0.2.tgz"
  "version" "1.0.2"

"ws@*", "ws@^7.4.5":
  "integrity" "sha512-F+P9Jil7UiSKSkppIiD94dN07AwvFixvLIj1Og1Rl9GGMuNipJnV9JzjD6XuqmAeiswGvUmNLjr5cFuXwNS77Q=="
  "resolved" "https://registry.npmjs.org/ws/-/ws-7.5.9.tgz"
  "version" "7.5.9"

"ws@^8.5.0":
  "integrity" "sha512-HPG3wQd9sNQoT9xHyNCXoDUa+Xw/VevmY9FoHyQ+g+rrMn4j6FB4np7Z0OhdTgjx6MgQLK7jwSy1YecU1+4Asg=="
  "resolved" "https://registry.npmjs.org/ws/-/ws-8.11.0.tgz"
  "version" "8.11.0"

"yauzl@2.9.2 - 2.10.0":
  "integrity" "sha512-p4a9I6X6nu6IhoGmBqAcbJy1mlC4j27vEPZX9F4L4/vZT3Lyq1VkFHw/V/PUcB9Buo+DG3iHkT0x3Qya58zc3g=="
  "resolved" "https://registry.npmjs.org/yauzl/-/yauzl-2.10.0.tgz"
  "version" "2.10.0"
  dependencies:
    "buffer-crc32" "~0.2.3"
    "fd-slicer" "~1.1.0"
